
Microsoft Visual Studio Solution File, Format Version 12.00
# Visual Studio Version 17
VisualStudioVersion = 17.9.34701.34
MinimumVisualStudioVersion = 10.0.40219.1
Project("{FAE04EC0-301F-11D3-BF4B-00C04F79EFBC}") = "AgroFile.Domain", "AgroFile.Domain\AgroFile.Domain.csproj", "{A7803DF3-7FED-4A57-8839-C34678CF96AE}"
EndProject
Project("{FAE04EC0-301F-11D3-BF4B-00C04F79EFBC}") = "AgroFile.Application", "AgroFile.Application\AgroFile.Application.csproj", "{C7FFAC20-A623-4B33-BEF2-C36FE511BD76}"
EndProject
Project("{FAE04EC0-301F-11D3-BF4B-00C04F79EFBC}") = "AgroFile.Infrastructure", "AgroFile.Infrastructure\AgroFile.Infrastructure.csproj", "{C55397EB-D0A7-4D48-BF68-BD67F1F08329}"
EndProject
Project("{FAE04EC0-301F-11D3-BF4B-00C04F79EFBC}") = "AgroFile.CrossCutting", "AgroFile.CrossCutting\AgroFile.CrossCutting.csproj", "{D39EC98B-3CEF-431F-88BE-DC1647337D4F}"
EndProject
Project("{FAE04EC0-301F-11D3-BF4B-00C04F79EFBC}") = "AgroFile.WebAPI", "AgroFile.WebAPI\AgroFile.WebAPI.csproj", "{7E54197B-39A9-4DBE-8B7A-4D2C0E330C99}"
EndProject
Global
	GlobalSection(SolutionConfigurationPlatforms) = preSolution
		Debug|Any CPU = Debug|Any CPU
		Release|Any CPU = Release|Any CPU
	EndGlobalSection
	GlobalSection(ProjectConfigurationPlatforms) = postSolution
		{A7803DF3-7FED-4A57-8839-C34678CF96AE}.Debug|Any CPU.ActiveCfg = Debug|Any CPU
		{A7803DF3-7FED-4A57-8839-C34678CF96AE}.Debug|Any CPU.Build.0 = Debug|Any CPU
		{A7803DF3-7FED-4A57-8839-C34678CF96AE}.Release|Any CPU.ActiveCfg = Release|Any CPU
		{A7803DF3-7FED-4A57-8839-C34678CF96AE}.Release|Any CPU.Build.0 = Release|Any CPU
		{C7FFAC20-A623-4B33-BEF2-C36FE511BD76}.Debug|Any CPU.ActiveCfg = Debug|Any CPU
		{C7FFAC20-A623-4B33-BEF2-C36FE511BD76}.Debug|Any CPU.Build.0 = Debug|Any CPU
		{C7FFAC20-A623-4B33-BEF2-C36FE511BD76}.Release|Any CPU.ActiveCfg = Release|Any CPU
		{C7FFAC20-A623-4B33-BEF2-C36FE511BD76}.Release|Any CPU.Build.0 = Release|Any CPU
		{C55397EB-D0A7-4D48-BF68-BD67F1F08329}.Debug|Any CPU.ActiveCfg = Debug|Any CPU
		{C55397EB-D0A7-4D48-BF68-BD67F1F08329}.Debug|Any CPU.Build.0 = Debug|Any CPU
		{C55397EB-D0A7-4D48-BF68-BD67F1F08329}.Release|Any CPU.ActiveCfg = Release|Any CPU
		{C55397EB-D0A7-4D48-BF68-BD67F1F08329}.Release|Any CPU.Build.0 = Release|Any CPU
		{D39EC98B-3CEF-431F-88BE-DC1647337D4F}.Debug|Any CPU.ActiveCfg = Debug|Any CPU
		{D39EC98B-3CEF-431F-88BE-DC1647337D4F}.Debug|Any CPU.Build.0 = Debug|Any CPU
		{D39EC98B-3CEF-431F-88BE-DC1647337D4F}.Release|Any CPU.ActiveCfg = Release|Any CPU
		{D39EC98B-3CEF-431F-88BE-DC1647337D4F}.Release|Any CPU.Build.0 = Release|Any CPU
		{7E54197B-39A9-4DBE-8B7A-4D2C0E330C99}.Debug|Any CPU.ActiveCfg = Debug|Any CPU
		{7E54197B-39A9-4DBE-8B7A-4D2C0E330C99}.Debug|Any CPU.Build.0 = Debug|Any CPU
		{7E54197B-39A9-4DBE-8B7A-4D2C0E330C99}.Release|Any CPU.ActiveCfg = Release|Any CPU
		{7E54197B-39A9-4DBE-8B7A-4D2C0E330C99}.Release|Any CPU.Build.0 = Release|Any CPU
	EndGlobalSection
	GlobalSection(SolutionProperties) = preSolution
		HideSolutionNode = FALSE
	EndGlobalSection
	GlobalSection(ExtensibilityGlobals) = postSolution
		SolutionGuid = {F35B1F41-FD00-46A1-B14D-57B252C9FA7D}
	EndGlobalSection
EndGlobal
